// !$*UTF8*$!
{
	archiveVersion = 1;
	classes = {
	};
	objectVersion = 46;
	objects = {

/* Begin PBXBuildFile section */
		03366F961AC87B1B00971AE9 /* StandardData.sqlite in Resources */ = {isa = PBXBuildFile; fileRef = 03366F941AC87B1B00971AE9 /* StandardData.sqlite */; };
		03366F971AC87B1B00971AE9 /* UserData.sqlite in Resources */ = {isa = PBXBuildFile; fileRef = 03366F951AC87B1B00971AE9 /* UserData.sqlite */; };
		0349C4D11A95C684009FE6E6 /* DismissSegue.swift in Sources */ = {isa = PBXBuildFile; fileRef = 0349C4D01A95C684009FE6E6 /* DismissSegue.swift */; };
		0349C4D51A95C732009FE6E6 /* AddWordViewController.swift in Sources */ = {isa = PBXBuildFile; fileRef = 0349C4D41A95C732009FE6E6 /* AddWordViewController.swift */; };
		0350EAFA1A9010BF0038862F /* AppDelegate.swift in Sources */ = {isa = PBXBuildFile; fileRef = 0350EAF91A9010BF0038862F /* AppDelegate.swift */; };
		0350EAFF1A9010BF0038862F /* Main.storyboard in Resources */ = {isa = PBXBuildFile; fileRef = 0350EAFD1A9010BF0038862F /* Main.storyboard */; };
		0350EB011A9010BF0038862F /* Images.xcassets in Resources */ = {isa = PBXBuildFile; fileRef = 0350EB001A9010BF0038862F /* Images.xcassets */; };
		0350EB041A9010BF0038862F /* LaunchScreen.xib in Resources */ = {isa = PBXBuildFile; fileRef = 0350EB021A9010BF0038862F /* LaunchScreen.xib */; };
		0350EB101A9010BF0038862F /* EcceRomaniLatinDictionaryTests.swift in Sources */ = {isa = PBXBuildFile; fileRef = 0350EB0F1A9010BF0038862F /* EcceRomaniLatinDictionaryTests.swift */; };
		0350EB371A901E970038862F /* Word.swift in Sources */ = {isa = PBXBuildFile; fileRef = 0350EB331A901E970038862F /* Word.swift */; };
		0350EB381A901E970038862F /* nonConjugatable.swift in Sources */ = {isa = PBXBuildFile; fileRef = 0350EB341A901E970038862F /* nonConjugatable.swift */; };
		0350EB391A901E970038862F /* Noun.swift in Sources */ = {isa = PBXBuildFile; fileRef = 0350EB351A901E970038862F /* Noun.swift */; };
		0350EB3A1A901E970038862F /* Verb.swift in Sources */ = {isa = PBXBuildFile; fileRef = 0350EB361A901E970038862F /* Verb.swift */; };
		0350EB3D1A90200B0038862F /* WordListTableViewController.swift in Sources */ = {isa = PBXBuildFile; fileRef = 0350EB3C1A90200B0038862F /* WordListTableViewController.swift */; };
		0350EB421A903F4A0038862F /* LatinTableViewCell.swift in Sources */ = {isa = PBXBuildFile; fileRef = 0350EB411A903F4A0038862F /* LatinTableViewCell.swift */; };
		03547E941A94499700471AEA /* NonConjugatableDetailViewController.swift in Sources */ = {isa = PBXBuildFile; fileRef = 03547E931A94499700471AEA /* NonConjugatableDetailViewController.swift */; };
		03693B591A99086F004C4C4D /* WebsiteTableViewController.swift in Sources */ = {isa = PBXBuildFile; fileRef = 03693B581A99086F004C4C4D /* WebsiteTableViewController.swift */; };
		03697B621A99661F004C4C4D /* WebViewController.swift in Sources */ = {isa = PBXBuildFile; fileRef = 03697B611A99661F004C4C4D /* WebViewController.swift */; };
		03B0CA7E1AEB1C6A00753DED /* AdverbDetailViewController.swift in Sources */ = {isa = PBXBuildFile; fileRef = 03B0CA7D1AEB1C6900753DED /* AdverbDetailViewController.swift */; };
		03BB29F81A99C49700F7217B /* cancel_filled-32.png in Resources */ = {isa = PBXBuildFile; fileRef = 03BB29F41A99C49700F7217B /* cancel_filled-32.png */; };
		03BB29F91A99C49700F7217B /* redo_filled-32.png in Resources */ = {isa = PBXBuildFile; fileRef = 03BB29F51A99C49700F7217B /* redo_filled-32.png */; };
		03BB29FA1A99C49700F7217B /* undo_filled-32.png in Resources */ = {isa = PBXBuildFile; fileRef = 03BB29F61A99C49700F7217B /* undo_filled-32.png */; };
		03BB29FB1A99C49700F7217B /* update_filled-32.png in Resources */ = {isa = PBXBuildFile; fileRef = 03BB29F71A99C49700F7217B /* update_filled-32.png */; };
		03C11AD31A968BC6004DF29B /* AddNounTableViewController.swift in Sources */ = {isa = PBXBuildFile; fileRef = 03C11AD21A968BC6004DF29B /* AddNounTableViewController.swift */; };
		03C11AD91A968BD2004DF29B /* AddVerbTableViewController.swift in Sources */ = {isa = PBXBuildFile; fileRef = 03C11AD81A968BD2004DF29B /* AddVerbTableViewController.swift */; };
		03C11ADB1A968BE2004DF29B /* AddAdverbTableViewController.swift in Sources */ = {isa = PBXBuildFile; fileRef = 03C11ADA1A968BE2004DF29B /* AddAdverbTableViewController.swift */; };
		03C11ADD1A968BF2004DF29B /* AddAdjectiveTableViewController.swift in Sources */ = {isa = PBXBuildFile; fileRef = 03C11ADC1A968BF2004DF29B /* AddAdjectiveTableViewController.swift */; };
		03C11ADF1A968BFC004DF29B /* AddPronounTableViewController.swift in Sources */ = {isa = PBXBuildFile; fileRef = 03C11ADE1A968BFC004DF29B /* AddPronounTableViewController.swift */; };
		03C11AE11A968C08004DF29B /* AddIrregularVerbTableViewController.swift in Sources */ = {isa = PBXBuildFile; fileRef = 03C11AE01A968C08004DF29B /* AddIrregularVerbTableViewController.swift */; };
		03C69EB11A943709005ABEDC /* NounDetailViewController.swift in Sources */ = {isa = PBXBuildFile; fileRef = 03C69EB01A943709005ABEDC /* NounDetailViewController.swift */; };
		03C69EB31A94371F005ABEDC /* VerbDetailViewController.swift in Sources */ = {isa = PBXBuildFile; fileRef = 03C69EB21A94371F005ABEDC /* VerbDetailViewController.swift */; };
		03C69EB51A943730005ABEDC /* AdjectiveDetailViewController.swift in Sources */ = {isa = PBXBuildFile; fileRef = 03C69EB41A943730005ABEDC /* AdjectiveDetailViewController.swift */; };
		03C6AB891AEADCD600F5AFF7 /* Adverb.swift in Sources */ = {isa = PBXBuildFile; fileRef = 03C6AB881AEADCD600F5AFF7 /* Adverb.swift */; };
		03E1750C1AD8C363004FB333 /* SQLite.framework in Frameworks */ = {isa = PBXBuildFile; fileRef = 03E175011AD8C33F004FB333 /* SQLite.framework */; };
		03E1750E1AD8C380004FB333 /* SQLite.framework in CopyFiles */ = {isa = PBXBuildFile; fileRef = 03E175011AD8C33F004FB333 /* SQLite.framework */; settings = {ATTRIBUTES = (CodeSignOnCopy, RemoveHeadersOnCopy, ); }; };
		03E175521AD9F96F004FB333 /* SimplePartsOfSpeech.swift in Sources */ = {isa = PBXBuildFile; fileRef = 03E175511AD9F96F004FB333 /* SimplePartsOfSpeech.swift */; };
		03E175541ADA0061004FB333 /* WordsListTableViewController2.swift in Sources */ = {isa = PBXBuildFile; fileRef = 03E175531ADA0061004FB333 /* WordsListTableViewController2.swift */; };
/* End PBXBuildFile section */

/* Begin PBXContainerItemProxy section */
		0350EB0A1A9010BF0038862F /* PBXContainerItemProxy */ = {
			isa = PBXContainerItemProxy;
			containerPortal = 0350EAEC1A9010BF0038862F /* Project object */;
			proxyType = 1;
			remoteGlobalIDString = 0350EAF31A9010BF0038862F;
			remoteInfo = EcceRomaniLatinDictionary;
		};
		03E175001AD8C33F004FB333 /* PBXContainerItemProxy */ = {
			isa = PBXContainerItemProxy;
			containerPortal = 03E174F71AD8C33F004FB333 /* SQLite.xcodeproj */;
			proxyType = 2;
			remoteGlobalIDString = DC3773F319C8CBB3004FCF85;
			remoteInfo = SQLite;
		};
		03E175021AD8C33F004FB333 /* PBXContainerItemProxy */ = {
			isa = PBXContainerItemProxy;
			containerPortal = 03E174F71AD8C33F004FB333 /* SQLite.xcodeproj */;
			proxyType = 2;
			remoteGlobalIDString = DC3773FE19C8CBB3004FCF85;
			remoteInfo = "SQLite Tests";
		};
		03E175041AD8C33F004FB333 /* PBXContainerItemProxy */ = {
			isa = PBXContainerItemProxy;
			containerPortal = 03E174F71AD8C33F004FB333 /* SQLite.xcodeproj */;
			proxyType = 2;
			remoteGlobalIDString = DCC6B3801A9191C300734B78;
			remoteInfo = SQLiteCipher;
		};
		03E175061AD8C33F004FB333 /* PBXContainerItemProxy */ = {
			isa = PBXContainerItemProxy;
			containerPortal = 03E174F71AD8C33F004FB333 /* SQLite.xcodeproj */;
			proxyType = 2;
			remoteGlobalIDString = DCC6B3921A9191D100734B78;
			remoteInfo = "SQLiteCipher Tests";
		};
		03E175081AD8C33F004FB333 /* PBXContainerItemProxy */ = {
			isa = PBXContainerItemProxy;
			containerPortal = 03E174F71AD8C33F004FB333 /* SQLite.xcodeproj */;
			proxyType = 2;
			remoteGlobalIDString = DCAE4D151ABE0B3300EFCE7A;
			remoteInfo = sqlite3;
		};
		03E1750A1AD8C359004FB333 /* PBXContainerItemProxy */ = {
			isa = PBXContainerItemProxy;
			containerPortal = 03E174F71AD8C33F004FB333 /* SQLite.xcodeproj */;
			proxyType = 1;
			remoteGlobalIDString = DC3773F219C8CBB3004FCF85;
			remoteInfo = SQLite;
		};
/* End PBXContainerItemProxy section */

/* Begin PBXCopyFilesBuildPhase section */
		03E174F61AD8BD17004FB333 /* Embed Frameworks */ = {
			isa = PBXCopyFilesBuildPhase;
			buildActionMask = 2147483647;
			dstPath = "";
			dstSubfolderSpec = 10;
			files = (
			);
			name = "Embed Frameworks";
			runOnlyForDeploymentPostprocessing = 0;
		};
		03E1750D1AD8C36D004FB333 /* CopyFiles */ = {
			isa = PBXCopyFilesBuildPhase;
			buildActionMask = 2147483647;
			dstPath = "";
			dstSubfolderSpec = 10;
			files = (
				03E1750E1AD8C380004FB333 /* SQLite.framework in CopyFiles */,
			);
			runOnlyForDeploymentPostprocessing = 0;
		};
/* End PBXCopyFilesBuildPhase section */

/* Begin PBXFileReference section */
		03366F941AC87B1B00971AE9 /* StandardData.sqlite */ = {isa = PBXFileReference; lastKnownFileType = file; path = StandardData.sqlite; sourceTree = "<group>"; };
		03366F951AC87B1B00971AE9 /* UserData.sqlite */ = {isa = PBXFileReference; lastKnownFileType = file; path = UserData.sqlite; sourceTree = "<group>"; };
		0349C4D01A95C684009FE6E6 /* DismissSegue.swift */ = {isa = PBXFileReference; fileEncoding = 4; lastKnownFileType = sourcecode.swift; path = DismissSegue.swift; sourceTree = "<group>"; };
		0349C4D41A95C732009FE6E6 /* AddWordViewController.swift */ = {isa = PBXFileReference; fileEncoding = 4; lastKnownFileType = sourcecode.swift; path = AddWordViewController.swift; sourceTree = "<group>"; };
		0350EAF41A9010BF0038862F /* EcceRomaniLatinDictionary.app */ = {isa = PBXFileReference; explicitFileType = wrapper.application; includeInIndex = 0; path = EcceRomaniLatinDictionary.app; sourceTree = BUILT_PRODUCTS_DIR; };
		0350EAF81A9010BF0038862F /* Info.plist */ = {isa = PBXFileReference; lastKnownFileType = text.plist.xml; path = Info.plist; sourceTree = "<group>"; };
		0350EAF91A9010BF0038862F /* AppDelegate.swift */ = {isa = PBXFileReference; lastKnownFileType = sourcecode.swift; path = AppDelegate.swift; sourceTree = "<group>"; };
		0350EAFE1A9010BF0038862F /* Base */ = {isa = PBXFileReference; lastKnownFileType = file.storyboard; name = Base; path = Base.lproj/Main.storyboard; sourceTree = "<group>"; };
		0350EB001A9010BF0038862F /* Images.xcassets */ = {isa = PBXFileReference; lastKnownFileType = folder.assetcatalog; path = Images.xcassets; sourceTree = "<group>"; };
		0350EB031A9010BF0038862F /* Base */ = {isa = PBXFileReference; lastKnownFileType = file.xib; name = Base; path = Base.lproj/LaunchScreen.xib; sourceTree = "<group>"; };
		0350EB091A9010BF0038862F /* EcceRomaniLatinDictionaryTests.xctest */ = {isa = PBXFileReference; explicitFileType = wrapper.cfbundle; includeInIndex = 0; path = EcceRomaniLatinDictionaryTests.xctest; sourceTree = BUILT_PRODUCTS_DIR; };
		0350EB0E1A9010BF0038862F /* Info.plist */ = {isa = PBXFileReference; lastKnownFileType = text.plist.xml; path = Info.plist; sourceTree = "<group>"; };
		0350EB0F1A9010BF0038862F /* EcceRomaniLatinDictionaryTests.swift */ = {isa = PBXFileReference; lastKnownFileType = sourcecode.swift; path = EcceRomaniLatinDictionaryTests.swift; sourceTree = "<group>"; };
		0350EB331A901E970038862F /* Word.swift */ = {isa = PBXFileReference; fileEncoding = 4; lastKnownFileType = sourcecode.swift; path = Word.swift; sourceTree = "<group>"; };
		0350EB341A901E970038862F /* nonConjugatable.swift */ = {isa = PBXFileReference; fileEncoding = 4; lastKnownFileType = sourcecode.swift; path = nonConjugatable.swift; sourceTree = "<group>"; };
		0350EB351A901E970038862F /* Noun.swift */ = {isa = PBXFileReference; fileEncoding = 4; lastKnownFileType = sourcecode.swift; path = Noun.swift; sourceTree = "<group>"; };
		0350EB361A901E970038862F /* Verb.swift */ = {isa = PBXFileReference; fileEncoding = 4; lastKnownFileType = sourcecode.swift; path = Verb.swift; sourceTree = "<group>"; };
		0350EB3C1A90200B0038862F /* WordListTableViewController.swift */ = {isa = PBXFileReference; fileEncoding = 4; lastKnownFileType = sourcecode.swift; path = WordListTableViewController.swift; sourceTree = "<group>"; };
		0350EB411A903F4A0038862F /* LatinTableViewCell.swift */ = {isa = PBXFileReference; fileEncoding = 4; lastKnownFileType = sourcecode.swift; path = LatinTableViewCell.swift; sourceTree = "<group>"; };
		03547E931A94499700471AEA /* NonConjugatableDetailViewController.swift */ = {isa = PBXFileReference; fileEncoding = 4; lastKnownFileType = sourcecode.swift; path = NonConjugatableDetailViewController.swift; sourceTree = "<group>"; };
		03693B581A99086F004C4C4D /* WebsiteTableViewController.swift */ = {isa = PBXFileReference; fileEncoding = 4; lastKnownFileType = sourcecode.swift; path = WebsiteTableViewController.swift; sourceTree = "<group>"; };
		03697B611A99661F004C4C4D /* WebViewController.swift */ = {isa = PBXFileReference; fileEncoding = 4; lastKnownFileType = sourcecode.swift; path = WebViewController.swift; sourceTree = "<group>"; };
		03B0CA7D1AEB1C6900753DED /* AdverbDetailViewController.swift */ = {isa = PBXFileReference; fileEncoding = 4; lastKnownFileType = sourcecode.swift; path = AdverbDetailViewController.swift; sourceTree = "<group>"; };
		03BB29F41A99C49700F7217B /* cancel_filled-32.png */ = {isa = PBXFileReference; lastKnownFileType = image.png; path = "cancel_filled-32.png"; sourceTree = "<group>"; };
		03BB29F51A99C49700F7217B /* redo_filled-32.png */ = {isa = PBXFileReference; lastKnownFileType = image.png; path = "redo_filled-32.png"; sourceTree = "<group>"; };
		03BB29F61A99C49700F7217B /* undo_filled-32.png */ = {isa = PBXFileReference; lastKnownFileType = image.png; path = "undo_filled-32.png"; sourceTree = "<group>"; };
		03BB29F71A99C49700F7217B /* update_filled-32.png */ = {isa = PBXFileReference; lastKnownFileType = image.png; path = "update_filled-32.png"; sourceTree = "<group>"; };
		03C11AD21A968BC6004DF29B /* AddNounTableViewController.swift */ = {isa = PBXFileReference; fileEncoding = 4; lastKnownFileType = sourcecode.swift; path = AddNounTableViewController.swift; sourceTree = "<group>"; };
		03C11AD81A968BD2004DF29B /* AddVerbTableViewController.swift */ = {isa = PBXFileReference; fileEncoding = 4; lastKnownFileType = sourcecode.swift; path = AddVerbTableViewController.swift; sourceTree = "<group>"; };
		03C11ADA1A968BE2004DF29B /* AddAdverbTableViewController.swift */ = {isa = PBXFileReference; fileEncoding = 4; lastKnownFileType = sourcecode.swift; path = AddAdverbTableViewController.swift; sourceTree = "<group>"; };
		03C11ADC1A968BF2004DF29B /* AddAdjectiveTableViewController.swift */ = {isa = PBXFileReference; fileEncoding = 4; lastKnownFileType = sourcecode.swift; path = AddAdjectiveTableViewController.swift; sourceTree = "<group>"; };
		03C11ADE1A968BFC004DF29B /* AddPronounTableViewController.swift */ = {isa = PBXFileReference; fileEncoding = 4; lastKnownFileType = sourcecode.swift; path = AddPronounTableViewController.swift; sourceTree = "<group>"; };
		03C11AE01A968C08004DF29B /* AddIrregularVerbTableViewController.swift */ = {isa = PBXFileReference; fileEncoding = 4; lastKnownFileType = sourcecode.swift; path = AddIrregularVerbTableViewController.swift; sourceTree = "<group>"; };
		03C69EB01A943709005ABEDC /* NounDetailViewController.swift */ = {isa = PBXFileReference; fileEncoding = 4; lastKnownFileType = sourcecode.swift; path = NounDetailViewController.swift; sourceTree = "<group>"; };
		03C69EB21A94371F005ABEDC /* VerbDetailViewController.swift */ = {isa = PBXFileReference; fileEncoding = 4; lastKnownFileType = sourcecode.swift; path = VerbDetailViewController.swift; sourceTree = "<group>"; };
		03C69EB41A943730005ABEDC /* AdjectiveDetailViewController.swift */ = {isa = PBXFileReference; fileEncoding = 4; lastKnownFileType = sourcecode.swift; path = AdjectiveDetailViewController.swift; sourceTree = "<group>"; };
		03C6AB881AEADCD600F5AFF7 /* Adverb.swift */ = {isa = PBXFileReference; fileEncoding = 4; lastKnownFileType = sourcecode.swift; path = Adverb.swift; sourceTree = "<group>"; };
		03E174F71AD8C33F004FB333 /* SQLite.xcodeproj */ = {isa = PBXFileReference; lastKnownFileType = "wrapper.pb-project"; name = SQLite.xcodeproj; path = "../SQLite.swift-master/SQLite.xcodeproj"; sourceTree = "<group>"; };
		03E175511AD9F96F004FB333 /* SimplePartsOfSpeech.swift */ = {isa = PBXFileReference; fileEncoding = 4; lastKnownFileType = sourcecode.swift; path = SimplePartsOfSpeech.swift; sourceTree = "<group>"; };
		03E175531ADA0061004FB333 /* WordsListTableViewController2.swift */ = {isa = PBXFileReference; fileEncoding = 4; lastKnownFileType = sourcecode.swift; path = WordsListTableViewController2.swift; sourceTree = "<group>"; };
/* End PBXFileReference section */

/* Begin PBXFrameworksBuildPhase section */
		0350EAF11A9010BF0038862F /* Frameworks */ = {
			isa = PBXFrameworksBuildPhase;
			buildActionMask = 2147483647;
			files = (
				03E1750C1AD8C363004FB333 /* SQLite.framework in Frameworks */,
			);
			runOnlyForDeploymentPostprocessing = 0;
		};
		0350EB061A9010BF0038862F /* Frameworks */ = {
			isa = PBXFrameworksBuildPhase;
			buildActionMask = 2147483647;
			files = (
			);
			runOnlyForDeploymentPostprocessing = 0;
		};
/* End PBXFrameworksBuildPhase section */

/* Begin PBXGroup section */
		0349C4E21A95C7A3009FE6E6 /* Add Word Views */ = {
			isa = PBXGroup;
			children = (
				03C11AD21A968BC6004DF29B /* AddNounTableViewController.swift */,
				03C11AD81A968BD2004DF29B /* AddVerbTableViewController.swift */,
				03C11ADA1A968BE2004DF29B /* AddAdverbTableViewController.swift */,
				03C11ADC1A968BF2004DF29B /* AddAdjectiveTableViewController.swift */,
				03C11ADE1A968BFC004DF29B /* AddPronounTableViewController.swift */,
				03C11AE01A968C08004DF29B /* AddIrregularVerbTableViewController.swift */,
			);
			name = "Add Word Views";
			sourceTree = "<group>";
		};
		0350EAEB1A9010BF0038862F = {
			isa = PBXGroup;
			children = (
				0350EAF61A9010BF0038862F /* EcceRomaniLatinDictionary */,
				0350EB0C1A9010BF0038862F /* EcceRomaniLatinDictionaryTests */,
				0350EAF51A9010BF0038862F /* Products */,
				03E174F71AD8C33F004FB333 /* SQLite.xcodeproj */,
			);
			sourceTree = "<group>";
		};
		0350EAF51A9010BF0038862F /* Products */ = {
			isa = PBXGroup;
			children = (
				0350EAF41A9010BF0038862F /* EcceRomaniLatinDictionary.app */,
				0350EB091A9010BF0038862F /* EcceRomaniLatinDictionaryTests.xctest */,
			);
			name = Products;
			sourceTree = "<group>";
		};
		0350EAF61A9010BF0038862F /* EcceRomaniLatinDictionary */ = {
			isa = PBXGroup;
			children = (
				0350EB4B1A9045A90038862F /* Detail View Controllers */,
				0350EB3B1A901E9C0038862F /* Part of Speech */,
				0349C4E21A95C7A3009FE6E6 /* Add Word Views */,
				0350EAF91A9010BF0038862F /* AppDelegate.swift */,
				03697B611A99661F004C4C4D /* WebViewController.swift */,
				0350EB3C1A90200B0038862F /* WordListTableViewController.swift */,
				03E175531ADA0061004FB333 /* WordsListTableViewController2.swift */,
				03693B581A99086F004C4C4D /* WebsiteTableViewController.swift */,
				0349C4D41A95C732009FE6E6 /* AddWordViewController.swift */,
				0350EB411A903F4A0038862F /* LatinTableViewCell.swift */,
				0349C4D01A95C684009FE6E6 /* DismissSegue.swift */,
				0350EAFD1A9010BF0038862F /* Main.storyboard */,
				0350EB001A9010BF0038862F /* Images.xcassets */,
				0350EB021A9010BF0038862F /* LaunchScreen.xib */,
				0350EAF71A9010BF0038862F /* Supporting Files */,
			);
			path = EcceRomaniLatinDictionary;
			sourceTree = "<group>";
		};
		0350EAF71A9010BF0038862F /* Supporting Files */ = {
			isa = PBXGroup;
			children = (
				03366F941AC87B1B00971AE9 /* StandardData.sqlite */,
				03366F951AC87B1B00971AE9 /* UserData.sqlite */,
				0350EAF81A9010BF0038862F /* Info.plist */,
				03693B5A1A9959DD004C4C4D /* Internal Icons */,
			);
			name = "Supporting Files";
			sourceTree = "<group>";
		};
		0350EB0C1A9010BF0038862F /* EcceRomaniLatinDictionaryTests */ = {
			isa = PBXGroup;
			children = (
				0350EB0F1A9010BF0038862F /* EcceRomaniLatinDictionaryTests.swift */,
				0350EB0D1A9010BF0038862F /* Supporting Files */,
			);
			path = EcceRomaniLatinDictionaryTests;
			sourceTree = "<group>";
		};
		0350EB0D1A9010BF0038862F /* Supporting Files */ = {
			isa = PBXGroup;
			children = (
				0350EB0E1A9010BF0038862F /* Info.plist */,
			);
			name = "Supporting Files";
			sourceTree = "<group>";
		};
		0350EB3B1A901E9C0038862F /* Part of Speech */ = {
			isa = PBXGroup;
			children = (
				03E175511AD9F96F004FB333 /* SimplePartsOfSpeech.swift */,
				0350EB331A901E970038862F /* Word.swift */,
				0350EB341A901E970038862F /* nonConjugatable.swift */,
				0350EB351A901E970038862F /* Noun.swift */,
				0350EB361A901E970038862F /* Verb.swift */,
				03C6AB881AEADCD600F5AFF7 /* Adverb.swift */,
			);
			name = "Part of Speech";
			sourceTree = "<group>";
		};
		0350EB4B1A9045A90038862F /* Detail View Controllers */ = {
			isa = PBXGroup;
			children = (
				035501581A9161F300A71B61 /* Noun */,
				0355015E1A917C2C00A71B61 /* Verb */,
				035501601A917C3C00A71B61 /* Adjective */,
				03547E951A94499E00471AEA /* NonConjugatable */,
				03B0CA7D1AEB1C6900753DED /* AdverbDetailViewController.swift */,
			);
			name = "Detail View Controllers";
			sourceTree = "<group>";
		};
		03547E951A94499E00471AEA /* NonConjugatable */ = {
			isa = PBXGroup;
			children = (
				03547E931A94499700471AEA /* NonConjugatableDetailViewController.swift */,
			);
			name = NonConjugatable;
			sourceTree = "<group>";
		};
		035501581A9161F300A71B61 /* Noun */ = {
			isa = PBXGroup;
			children = (
				03C69EB01A943709005ABEDC /* NounDetailViewController.swift */,
			);
			name = Noun;
			sourceTree = "<group>";
		};
		0355015E1A917C2C00A71B61 /* Verb */ = {
			isa = PBXGroup;
			children = (
				03C69EB21A94371F005ABEDC /* VerbDetailViewController.swift */,
			);
			name = Verb;
			sourceTree = "<group>";
		};
		035501601A917C3C00A71B61 /* Adjective */ = {
			isa = PBXGroup;
			children = (
				03C69EB41A943730005ABEDC /* AdjectiveDetailViewController.swift */,
			);
			name = Adjective;
			sourceTree = "<group>";
		};
		03693B5A1A9959DD004C4C4D /* Internal Icons */ = {
			isa = PBXGroup;
			children = (
				03BB29F41A99C49700F7217B /* cancel_filled-32.png */,
				03BB29F51A99C49700F7217B /* redo_filled-32.png */,
				03BB29F61A99C49700F7217B /* undo_filled-32.png */,
				03BB29F71A99C49700F7217B /* update_filled-32.png */,
			);
			name = "Internal Icons";
			sourceTree = "<group>";
		};
		03E174F81AD8C33F004FB333 /* Products */ = {
			isa = PBXGroup;
			children = (
				03E175011AD8C33F004FB333 /* SQLite.framework */,
				03E175031AD8C33F004FB333 /* SQLite Tests.xctest */,
				03E175051AD8C33F004FB333 /* SQLite.framework */,
				03E175071AD8C33F004FB333 /* SQLiteCipher Tests.xctest */,
				03E175091AD8C33F004FB333 /* sqlite3.framework */,
			);
			name = Products;
			sourceTree = "<group>";
		};
/* End PBXGroup section */

/* Begin PBXNativeTarget section */
		0350EAF31A9010BF0038862F /* EcceRomaniLatinDictionary */ = {
			isa = PBXNativeTarget;
			buildConfigurationList = 0350EB131A9010BF0038862F /* Build configuration list for PBXNativeTarget "EcceRomaniLatinDictionary" */;
			buildPhases = (
				0350EAF01A9010BF0038862F /* Sources */,
				0350EAF11A9010BF0038862F /* Frameworks */,
				0350EAF21A9010BF0038862F /* Resources */,
				03E174F61AD8BD17004FB333 /* Embed Frameworks */,
				03E1750D1AD8C36D004FB333 /* CopyFiles */,
			);
			buildRules = (
			);
			dependencies = (
				03E1750B1AD8C359004FB333 /* PBXTargetDependency */,
			);
			name = EcceRomaniLatinDictionary;
			productName = EcceRomaniLatinDictionary;
			productReference = 0350EAF41A9010BF0038862F /* EcceRomaniLatinDictionary.app */;
			productType = "com.apple.product-type.application";
		};
		0350EB081A9010BF0038862F /* EcceRomaniLatinDictionaryTests */ = {
			isa = PBXNativeTarget;
			buildConfigurationList = 0350EB161A9010BF0038862F /* Build configuration list for PBXNativeTarget "EcceRomaniLatinDictionaryTests" */;
			buildPhases = (
				0350EB051A9010BF0038862F /* Sources */,
				0350EB061A9010BF0038862F /* Frameworks */,
				0350EB071A9010BF0038862F /* Resources */,
			);
			buildRules = (
			);
			dependencies = (
				0350EB0B1A9010BF0038862F /* PBXTargetDependency */,
			);
			name = EcceRomaniLatinDictionaryTests;
			productName = EcceRomaniLatinDictionaryTests;
			productReference = 0350EB091A9010BF0038862F /* EcceRomaniLatinDictionaryTests.xctest */;
			productType = "com.apple.product-type.bundle.unit-test";
		};
/* End PBXNativeTarget section */

/* Begin PBXProject section */
		0350EAEC1A9010BF0038862F /* Project object */ = {
			isa = PBXProject;
			attributes = {
				LastUpgradeCheck = 0610;
				ORGANIZATIONNAME = JMKLABS;
				TargetAttributes = {
					0350EAF31A9010BF0038862F = {
						CreatedOnToolsVersion = 6.1.1;
						DevelopmentTeam = EULLNHF8RW;
					};
					0350EB081A9010BF0038862F = {
						CreatedOnToolsVersion = 6.1.1;
						TestTargetID = 0350EAF31A9010BF0038862F;
					};
				};
			};
			buildConfigurationList = 0350EAEF1A9010BF0038862F /* Build configuration list for PBXProject "EcceRomaniLatinDictionary" */;
			compatibilityVersion = "Xcode 3.2";
			developmentRegion = English;
			hasScannedForEncodings = 0;
			knownRegions = (
				en,
				Base,
			);
			mainGroup = 0350EAEB1A9010BF0038862F;
			productRefGroup = 0350EAF51A9010BF0038862F /* Products */;
			projectDirPath = "";
			projectReferences = (
				{
					ProductGroup = 03E174F81AD8C33F004FB333 /* Products */;
					ProjectRef = 03E174F71AD8C33F004FB333 /* SQLite.xcodeproj */;
				},
			);
			projectRoot = "";
			targets = (
				0350EAF31A9010BF0038862F /* EcceRomaniLatinDictionary */,
				0350EB081A9010BF0038862F /* EcceRomaniLatinDictionaryTests */,
			);
		};
/* End PBXProject section */

/* Begin PBXReferenceProxy section */
		03E175011AD8C33F004FB333 /* SQLite.framework */ = {
			isa = PBXReferenceProxy;
			fileType = wrapper.framework;
			path = SQLite.framework;
			remoteRef = 03E175001AD8C33F004FB333 /* PBXContainerItemProxy */;
			sourceTree = BUILT_PRODUCTS_DIR;
		};
		03E175031AD8C33F004FB333 /* SQLite Tests.xctest */ = {
			isa = PBXReferenceProxy;
			fileType = wrapper.cfbundle;
			path = "SQLite Tests.xctest";
			remoteRef = 03E175021AD8C33F004FB333 /* PBXContainerItemProxy */;
			sourceTree = BUILT_PRODUCTS_DIR;
		};
		03E175051AD8C33F004FB333 /* SQLite.framework */ = {
			isa = PBXReferenceProxy;
			fileType = wrapper.framework;
			path = SQLite.framework;
			remoteRef = 03E175041AD8C33F004FB333 /* PBXContainerItemProxy */;
			sourceTree = BUILT_PRODUCTS_DIR;
		};
		03E175071AD8C33F004FB333 /* SQLiteCipher Tests.xctest */ = {
			isa = PBXReferenceProxy;
			fileType = wrapper.cfbundle;
			path = "SQLiteCipher Tests.xctest";
			remoteRef = 03E175061AD8C33F004FB333 /* PBXContainerItemProxy */;
			sourceTree = BUILT_PRODUCTS_DIR;
		};
		03E175091AD8C33F004FB333 /* sqlite3.framework */ = {
			isa = PBXReferenceProxy;
			fileType = wrapper.framework;
			path = sqlite3.framework;
			remoteRef = 03E175081AD8C33F004FB333 /* PBXContainerItemProxy */;
			sourceTree = BUILT_PRODUCTS_DIR;
		};
/* End PBXReferenceProxy section */

/* Begin PBXResourcesBuildPhase section */
		0350EAF21A9010BF0038862F /* Resources */ = {
			isa = PBXResourcesBuildPhase;
			buildActionMask = 2147483647;
			files = (
				03BB29F81A99C49700F7217B /* cancel_filled-32.png in Resources */,
				0350EAFF1A9010BF0038862F /* Main.storyboard in Resources */,
				03366F971AC87B1B00971AE9 /* UserData.sqlite in Resources */,
				0350EB041A9010BF0038862F /* LaunchScreen.xib in Resources */,
				03BB29FA1A99C49700F7217B /* undo_filled-32.png in Resources */,
				03BB29F91A99C49700F7217B /* redo_filled-32.png in Resources */,
				0350EB011A9010BF0038862F /* Images.xcassets in Resources */,
				03366F961AC87B1B00971AE9 /* StandardData.sqlite in Resources */,
				03BB29FB1A99C49700F7217B /* update_filled-32.png in Resources */,
			);
			runOnlyForDeploymentPostprocessing = 0;
		};
		0350EB071A9010BF0038862F /* Resources */ = {
			isa = PBXResourcesBuildPhase;
			buildActionMask = 2147483647;
			files = (
			);
			runOnlyForDeploymentPostprocessing = 0;
		};
/* End PBXResourcesBuildPhase section */

/* Begin PBXSourcesBuildPhase section */
		0350EAF01A9010BF0038862F /* Sources */ = {
			isa = PBXSourcesBuildPhase;
			buildActionMask = 2147483647;
			files = (
				03C11ADD1A968BF2004DF29B /* AddAdjectiveTableViewController.swift in Sources */,
				0350EB3A1A901E970038862F /* Verb.swift in Sources */,
				0350EB391A901E970038862F /* Noun.swift in Sources */,
				0349C4D51A95C732009FE6E6 /* AddWordViewController.swift in Sources */,
				03697B621A99661F004C4C4D /* WebViewController.swift in Sources */,
				0350EB421A903F4A0038862F /* LatinTableViewCell.swift in Sources */,
				03C11AD91A968BD2004DF29B /* AddVerbTableViewController.swift in Sources */,
				03C69EB11A943709005ABEDC /* NounDetailViewController.swift in Sources */,
				0350EAFA1A9010BF0038862F /* AppDelegate.swift in Sources */,
				03C69EB31A94371F005ABEDC /* VerbDetailViewController.swift in Sources */,
				0350EB381A901E970038862F /* nonConjugatable.swift in Sources */,
				03B0CA7E1AEB1C6A00753DED /* AdverbDetailViewController.swift in Sources */,
				03C6AB891AEADCD600F5AFF7 /* Adverb.swift in Sources */,
				03C11ADB1A968BE2004DF29B /* AddAdverbTableViewController.swift in Sources */,
				03E175541ADA0061004FB333 /* WordsListTableViewController2.swift in Sources */,
				03547E941A94499700471AEA /* NonConjugatableDetailViewController.swift in Sources */,
				03C69EB51A943730005ABEDC /* AdjectiveDetailViewController.swift in Sources */,
				03C11AE11A968C08004DF29B /* AddIrregularVerbTableViewController.swift in Sources */,
				03E175521AD9F96F004FB333 /* SimplePartsOfSpeech.swift in Sources */,
				03693B591A99086F004C4C4D /* WebsiteTableViewController.swift in Sources */,
				03C11ADF1A968BFC004DF29B /* AddPronounTableViewController.swift in Sources */,
				0350EB371A901E970038862F /* Word.swift in Sources */,
				03C11AD31A968BC6004DF29B /* AddNounTableViewController.swift in Sources */,
				0349C4D11A95C684009FE6E6 /* DismissSegue.swift in Sources */,
				0350EB3D1A90200B0038862F /* WordListTableViewController.swift in Sources */,
			);
			runOnlyForDeploymentPostprocessing = 0;
		};
		0350EB051A9010BF0038862F /* Sources */ = {
			isa = PBXSourcesBuildPhase;
			buildActionMask = 2147483647;
			files = (
				0350EB101A9010BF0038862F /* EcceRomaniLatinDictionaryTests.swift in Sources */,
			);
			runOnlyForDeploymentPostprocessing = 0;
		};
/* End PBXSourcesBuildPhase section */

/* Begin PBXTargetDependency section */
		0350EB0B1A9010BF0038862F /* PBXTargetDependency */ = {
			isa = PBXTargetDependency;
			target = 0350EAF31A9010BF0038862F /* EcceRomaniLatinDictionary */;
			targetProxy = 0350EB0A1A9010BF0038862F /* PBXContainerItemProxy */;
		};
		03E1750B1AD8C359004FB333 /* PBXTargetDependency */ = {
			isa = PBXTargetDependency;
			name = SQLite;
			targetProxy = 03E1750A1AD8C359004FB333 /* PBXContainerItemProxy */;
		};
/* End PBXTargetDependency section */

/* Begin PBXVariantGroup section */
		0350EAFD1A9010BF0038862F /* Main.storyboard */ = {
			isa = PBXVariantGroup;
			children = (
				0350EAFE1A9010BF0038862F /* Base */,
			);
			name = Main.storyboard;
			sourceTree = "<group>";
		};
		0350EB021A9010BF0038862F /* LaunchScreen.xib */ = {
			isa = PBXVariantGroup;
			children = (
				0350EB031A9010BF0038862F /* Base */,
			);
			name = LaunchScreen.xib;
			sourceTree = "<group>";
		};
/* End PBXVariantGroup section */

/* Begin XCBuildConfiguration section */
		0350EB111A9010BF0038862F /* Debug */ = {
			isa = XCBuildConfiguration;
			buildSettings = {
				ALWAYS_SEARCH_USER_PATHS = NO;
				CLANG_CXX_LANGUAGE_STANDARD = "gnu++0x";
				CLANG_CXX_LIBRARY = "libc++";
				CLANG_ENABLE_MODULES = YES;
				CLANG_ENABLE_OBJC_ARC = YES;
				CLANG_WARN_BOOL_CONVERSION = YES;
				CLANG_WARN_CONSTANT_CONVERSION = YES;
				CLANG_WARN_DIRECT_OBJC_ISA_USAGE = YES_ERROR;
				CLANG_WARN_EMPTY_BODY = YES;
				CLANG_WARN_ENUM_CONVERSION = YES;
				CLANG_WARN_INT_CONVERSION = YES;
				CLANG_WARN_OBJC_ROOT_CLASS = YES_ERROR;
				CLANG_WARN_UNREACHABLE_CODE = YES;
				CLANG_WARN__DUPLICATE_METHOD_MATCH = YES;
				"CODE_SIGN_IDENTITY[sdk=iphoneos*]" = "iPhone Developer";
				COPY_PHASE_STRIP = NO;
				ENABLE_STRICT_OBJC_MSGSEND = YES;
				GCC_C_LANGUAGE_STANDARD = gnu99;
				GCC_DYNAMIC_NO_PIC = NO;
				GCC_OPTIMIZATION_LEVEL = 0;
				GCC_PREPROCESSOR_DEFINITIONS = (
					"DEBUG=1",
					"$(inherited)",
				);
				GCC_SYMBOLS_PRIVATE_EXTERN = NO;
				GCC_WARN_64_TO_32_BIT_CONVERSION = YES;
				GCC_WARN_ABOUT_RETURN_TYPE = YES_ERROR;
				GCC_WARN_UNDECLARED_SELECTOR = YES;
				GCC_WARN_UNINITIALIZED_AUTOS = YES_AGGRESSIVE;
				GCC_WARN_UNUSED_FUNCTION = YES;
				GCC_WARN_UNUSED_VARIABLE = YES;
				IPHONEOS_DEPLOYMENT_TARGET = 8.1;
				MTL_ENABLE_DEBUG_INFO = YES;
				ONLY_ACTIVE_ARCH = YES;
				SDKROOT = iphoneos;
				SWIFT_OPTIMIZATION_LEVEL = "-Onone";
			};
			name = Debug;
		};
		0350EB121A9010BF0038862F /* Release */ = {
			isa = XCBuildConfiguration;
			buildSettings = {
				ALWAYS_SEARCH_USER_PATHS = NO;
				CLANG_CXX_LANGUAGE_STANDARD = "gnu++0x";
				CLANG_CXX_LIBRARY = "libc++";
				CLANG_ENABLE_MODULES = YES;
				CLANG_ENABLE_OBJC_ARC = YES;
				CLANG_WARN_BOOL_CONVERSION = YES;
				CLANG_WARN_CONSTANT_CONVERSION = YES;
				CLANG_WARN_DIRECT_OBJC_ISA_USAGE = YES_ERROR;
				CLANG_WARN_EMPTY_BODY = YES;
				CLANG_WARN_ENUM_CONVERSION = YES;
				CLANG_WARN_INT_CONVERSION = YES;
				CLANG_WARN_OBJC_ROOT_CLASS = YES_ERROR;
				CLANG_WARN_UNREACHABLE_CODE = YES;
				CLANG_WARN__DUPLICATE_METHOD_MATCH = YES;
				"CODE_SIGN_IDENTITY[sdk=iphoneos*]" = "iPhone Developer";
				COPY_PHASE_STRIP = YES;
				ENABLE_NS_ASSERTIONS = NO;
				ENABLE_STRICT_OBJC_MSGSEND = YES;
				GCC_C_LANGUAGE_STANDARD = gnu99;
				GCC_WARN_64_TO_32_BIT_CONVERSION = YES;
				GCC_WARN_ABOUT_RETURN_TYPE = YES_ERROR;
				GCC_WARN_UNDECLARED_SELECTOR = YES;
				GCC_WARN_UNINITIALIZED_AUTOS = YES_AGGRESSIVE;
				GCC_WARN_UNUSED_FUNCTION = YES;
				GCC_WARN_UNUSED_VARIABLE = YES;
				IPHONEOS_DEPLOYMENT_TARGET = 8.1;
				MTL_ENABLE_DEBUG_INFO = NO;
				SDKROOT = iphoneos;
				VALIDATE_PRODUCT = YES;
			};
			name = Release;
		};
		0350EB141A9010BF0038862F /* Debug */ = {
			isa = XCBuildConfiguration;
			buildSettings = {
				ASSETCATALOG_COMPILER_APPICON_NAME = AppIcon;
				CODE_SIGN_IDENTITY = "iPhone Developer";
				"CODE_SIGN_IDENTITY[sdk=iphoneos*]" = "iPhone Developer";
				FRAMEWORK_SEARCH_PATHS = (
					"$(inherited)",
					"$(USER_LIBRARY_DIR)/Developer/Xcode/DerivedData/EcceRomaniLatinDictionary-dmjpkzsxzpbzbhfwlpywztcbcdoe/Build/Products/Debug-iphoneos",
					"$(USER_LIBRARY_DIR)/Developer/Xcode/DerivedData/EcceRomaniLatinDictionary-fhxioiwakpqbxegxvthunzfosnxd/Build/Products/Debug-iphoneos",
					"/Users/Josh/GitHub/SQLite.swift-master/build/Debug",
				);
				INFOPLIST_FILE = EcceRomaniLatinDictionary/Info.plist;
				IPHONEOS_DEPLOYMENT_TARGET = 8.3;
				LD_RUNPATH_SEARCH_PATHS = "$(inherited) @executable_path/Frameworks";
				PRODUCT_NAME = "$(TARGET_NAME)";
				PROVISIONING_PROFILE = "";
			};
			name = Debug;
		};
		0350EB151A9010BF0038862F /* Release */ = {
			isa = XCBuildConfiguration;
			buildSettings = {
				ASSETCATALOG_COMPILER_APPICON_NAME = AppIcon;
				CODE_SIGN_IDENTITY = "iPhone Developer";
				"CODE_SIGN_IDENTITY[sdk=iphoneos*]" = "iPhone Developer";
				FRAMEWORK_SEARCH_PATHS = (
					"$(inherited)",
					"$(USER_LIBRARY_DIR)/Developer/Xcode/DerivedData/EcceRomaniLatinDictionary-dmjpkzsxzpbzbhfwlpywztcbcdoe/Build/Products/Debug-iphoneos",
					"$(USER_LIBRARY_DIR)/Developer/Xcode/DerivedData/EcceRomaniLatinDictionary-fhxioiwakpqbxegxvthunzfosnxd/Build/Products/Debug-iphoneos",
					"/Users/Josh/GitHub/SQLite.swift-master/build/Debug",
				);
				INFOPLIST_FILE = EcceRomaniLatinDictionary/Info.plist;
				IPHONEOS_DEPLOYMENT_TARGET = 8.3;
				LD_RUNPATH_SEARCH_PATHS = "$(inherited) @executable_path/Frameworks";
				PRODUCT_NAME = "$(TARGET_NAME)";
				PROVISIONING_PROFILE = "";
			};
			name = Release;
		};
		0350EB171A9010BF0038862F /* Debug */ = {
			isa = XCBuildConfiguration;
			buildSettings = {
				BUNDLE_LOADER = "$(TEST_HOST)";
				FRAMEWORK_SEARCH_PATHS = (
					"$(SDKROOT)/Developer/Library/Frameworks",
					"$(inherited)",
				);
				GCC_PREPROCESSOR_DEFINITIONS = (
					"DEBUG=1",
					"$(inherited)",
				);
				INFOPLIST_FILE = EcceRomaniLatinDictionaryTests/Info.plist;
				LD_RUNPATH_SEARCH_PATHS = "$(inherited) @executable_path/Frameworks @loader_path/Frameworks";
				PRODUCT_NAME = "$(TARGET_NAME)";
				TEST_HOST = "$(BUILT_PRODUCTS_DIR)/EcceRomaniLatinDictionary.app/EcceRomaniLatinDictionary";
			};
			name = Debug;
		};
		0350EB181A9010BF0038862F /* Release */ = {
			isa = XCBuildConfiguration;
			buildSettings = {
				BUNDLE_LOADER = "$(TEST_HOST)";
				FRAMEWORK_SEARCH_PATHS = (
					"$(SDKROOT)/Developer/Library/Frameworks",
					"$(inherited)",
				);
				INFOPLIST_FILE = EcceRomaniLatinDictionaryTests/Info.plist;
				LD_RUNPATH_SEARCH_PATHS = "$(inherited) @executable_path/Frameworks @loader_path/Frameworks";
				PRODUCT_NAME = "$(TARGET_NAME)";
				TEST_HOST = "$(BUILT_PRODUCTS_DIR)/EcceRomaniLatinDictionary.app/EcceRomaniLatinDictionary";
			};
			name = Release;
		};
/* End XCBuildConfiguration section */

/* Begin XCConfigurationList section */
		0350EAEF1A9010BF0038862F /* Build configuration list for PBXProject "EcceRomaniLatinDictionary" */ = {
			isa = XCConfigurationList;
			buildConfigurations = (
				0350EB111A9010BF0038862F /* Debug */,
				0350EB121A9010BF0038862F /* Release */,
			);
			defaultConfigurationIsVisible = 0;
			defaultConfigurationName = Release;
		};
		0350EB131A9010BF0038862F /* Build configuration list for PBXNativeTarget "EcceRomaniLatinDictionary" */ = {
			isa = XCConfigurationList;
			buildConfigurations = (
				0350EB141A9010BF0038862F /* Debug */,
				0350EB151A9010BF0038862F /* Release */,
			);
			defaultConfigurationIsVisible = 0;
			defaultConfigurationName = Release;
		};
		0350EB161A9010BF0038862F /* Build configuration list for PBXNativeTarget "EcceRomaniLatinDictionaryTests" */ = {
			isa = XCConfigurationList;
			buildConfigurations = (
				0350EB171A9010BF0038862F /* Debug */,
				0350EB181A9010BF0038862F /* Release */,
			);
			defaultConfigurationIsVisible = 0;
			defaultConfigurationName = Release;
		};
/* End XCConfigurationList section */
	};
	rootObject = 0350EAEC1A9010BF0038862F /* Project object */;
}
